
Microsoft Visual Studio Solution File, Format Version 12.00
# Visual Studio Version 16
VisualStudioVersion = 16.0.29411.108
MinimumVisualStudioVersion = 10.0.40219.1
Project("{FAE04EC0-301F-11D3-BF4B-00C04F79EFBC}") = "TicTacToe", "TicTacToe\TicTacToe.csproj", "{E610FD59-314A-4CEF-9854-1840FA319CBF}"
EndProject
Global
	GlobalSection(SolutionConfigurationPlatforms) = preSolution
		Debug|Any CPU = Debug|Any CPU
		Release|Any CPU = Release|Any CPU
	EndGlobalSection
	GlobalSection(ProjectConfigurationPlatforms) = postSolution
		{E610FD59-314A-4CEF-9854-1840FA319CBF}.Debug|Any CPU.ActiveCfg = Debug|Any CPU
		{E610FD59-314A-4CEF-9854-1840FA319CBF}.Debug|Any CPU.Build.0 = Debug|Any CPU
		{E610FD59-314A-4CEF-9854-1840FA319CBF}.Release|Any CPU.ActiveCfg = Release|Any CPU
		{E610FD59-314A-4CEF-9854-1840FA319CBF}.Release|Any CPU.Build.0 = Release|Any CPU
	EndGlobalSection
	GlobalSection(SolutionProperties) = preSolution
		HideSolutionNode = FALSE
	EndGlobalSection
	GlobalSection(ExtensibilityGlobals) = postSolution
		SolutionGuid = {BB76A32C-D95E-4B75-ACDF-21C50258FCA3}
	EndGlobalSection
EndGlobal
